
Microsoft Visual Studio Solution File, Format Version 12.00
# Visual Studio 15
VisualStudioVersion = 15.0.26403.7
MinimumVisualStudioVersion = 10.0.40219.1
Project("{FAE04EC0-301F-11D3-BF4B-00C04F79EFBC}") = "aflMarket", "aflMarket\aflMarket.csproj", "{082EBBF7-F939-41EE-B295-457E3B158364}"
EndProject
Project("{FAE04EC0-301F-11D3-BF4B-00C04F79EFBC}") = "aflMarket.Tests", "aflMarket.Tests\aflMarket.Tests.csproj", "{8E568425-DF49-4857-AE95-5875A936CE22}"
EndProject
Global
	GlobalSection(SolutionConfigurationPlatforms) = preSolution
		Debug|Any CPU = Debug|Any CPU
		Release|Any CPU = Release|Any CPU
	EndGlobalSection
	GlobalSection(ProjectConfigurationPlatforms) = postSolution
		{082EBBF7-F939-41EE-B295-457E3B158364}.Debug|Any CPU.ActiveCfg = Debug|Any CPU
		{082EBBF7-F939-41EE-B295-457E3B158364}.Debug|Any CPU.Build.0 = Debug|Any CPU
		{082EBBF7-F939-41EE-B295-457E3B158364}.Release|Any CPU.ActiveCfg = Release|Any CPU
		{082EBBF7-F939-41EE-B295-457E3B158364}.Release|Any CPU.Build.0 = Release|Any CPU
		{8E568425-DF49-4857-AE95-5875A936CE22}.Debug|Any CPU.ActiveCfg = Debug|Any CPU
		{8E568425-DF49-4857-AE95-5875A936CE22}.Debug|Any CPU.Build.0 = Debug|Any CPU
		{8E568425-DF49-4857-AE95-5875A936CE22}.Release|Any CPU.ActiveCfg = Release|Any CPU
		{8E568425-DF49-4857-AE95-5875A936CE22}.Release|Any CPU.Build.0 = Release|Any CPU
	EndGlobalSection
	GlobalSection(SolutionProperties) = preSolution
		HideSolutionNode = FALSE
	EndGlobalSection
EndGlobal
